<?xml version="1.0" encoding="UTF-8"?>
<CONFIG>
  <ProjectOptions>
    <Version Value="11"/>
    <PathDelim Value="\"/>
    <General>
      <Flags>
        <MainUnitHasCreateFormStatements Value="False"/>
        <MainUnitHasTitleStatement Value="False"/>
        <MainUnitHasScaledStatement Value="False"/>
      </Flags>
      <SessionStorage Value="InProjectDir"/>
      <MainUnit Value="0"/>
      <Title Value="test_cwThreading_Lazarus_2_0_10"/>
      <UseAppBundle Value="False"/>
      <ResourceType Value="res"/>
    </General>
    <BuildModes Count="1">
      <Item1 Name="default" Default="True"/>
    </BuildModes>
    <PublishOptions>
      <Version Value="2"/>
      <UseFileFilters Value="True"/>
    </PublishOptions>
    <RunParams>
      <FormatVersion Value="2"/>
      <Modes Count="0"/>
    </RunParams>
    <Units Count="8">
      <Unit0>
        <Filename Value="test_cwThreading_Lazarus_2_0_10.lpr"/>
        <IsPartOfProject Value="True"/>
      </Unit0>
      <Unit1>
        <Filename Value="testcases\test_cwthreading.messageparameter.pas"/>
        <IsPartOfProject Value="True"/>
        <UnitName Value="test_cwThreading.MessageParameter"/>
      </Unit1>
      <Unit2>
        <Filename Value="testcases\test_cwthreading.message.pas"/>
        <IsPartOfProject Value="True"/>
        <UnitName Value="test_cwThreading.Message"/>
      </Unit2>
      <Unit3>
        <Filename Value="testcases\test_cwthreading.internal.taskrecord.pas"/>
        <IsPartOfProject Value="True"/>
        <UnitName Value="test_cwThreading.Internal.TaskRecord"/>
      </Unit3>
      <Unit4>
        <Filename Value="testcases\test_cwthreading.internal.taskset.pas"/>
        <IsPartOfProject Value="True"/>
        <UnitName Value="test_cwThreading.Internal.TaskSet"/>
      </Unit4>
      <Unit5>
        <Filename Value="testcases\test_cwthreading.internal.tasksetcollection.pas"/>
        <IsPartOfProject Value="True"/>
        <UnitName Value="test_cwThreading.Internal.TaskSetCollection"/>
      </Unit5>
      <Unit6>
        <Filename Value="testcases\test_cwthreading.executetasks.pas"/>
        <IsPartOfProject Value="True"/>
        <UnitName Value="test_cwThreading.ExecuteTasks"/>
      </Unit6>
      <Unit7>
        <Filename Value="testcases\test_cwthreading.executeforloop.pas"/>
        <IsPartOfProject Value="True"/>
        <UnitName Value="test_cwThreading.ExecuteForLoop"/>
      </Unit7>
    </Units>
  </ProjectOptions>
  <CompilerOptions>
    <Version Value="11"/>
    <PathDelim Value="\"/>
    <Target>
      <Filename Value="..\..\out\bin\$(TargetCPU)-$(TargetOS)\$(BuildMode)\test_cwThreading_Lazarus_2_0_10"/>
    </Target>
    <SearchPaths>
      <IncludeFiles Value="$(ProjOutDir)"/>
      <Libraries Value="..\..\out\lib\$(TargetCPU)-$(TargetOS)\$(BuildMode)"/>
      <OtherUnitFiles Value="testcases"/>
      <UnitOutputDirectory Value="..\..\out\lib\$(TargetCPU)-$(TargetOS)\$(BuildMode)"/>
    </SearchPaths>
  </CompilerOptions>
  <Debugging>
    <Exceptions Count="3">
      <Item1>
        <Name Value="EAbort"/>
      </Item1>
      <Item2>
        <Name Value="ECodetoolError"/>
      </Item2>
      <Item3>
        <Name Value="EFOpenError"/>
      </Item3>
    </Exceptions>
  </Debugging>
</CONFIG>
